
Microsoft Visual Studio Solution File, Format Version 12.00
# Visual Studio Version 17
VisualStudioVersion = 17.1.32319.34
MinimumVisualStudioVersion = 10.0.40219.1
Project("{FAE04EC0-301F-11D3-BF4B-00C04F79EFBC}") = "Soru2", "Soru2\Soru2.csproj", "{BFFC633D-5A33-4FD6-854D-86ED3B51D639}"
EndProject
Global
	GlobalSection(SolutionConfigurationPlatforms) = preSolution
		Debug|Any CPU = Debug|Any CPU
		Release|Any CPU = Release|Any CPU
	EndGlobalSection
	GlobalSection(ProjectConfigurationPlatforms) = postSolution
		{BFFC633D-5A33-4FD6-854D-86ED3B51D639}.Debug|Any CPU.ActiveCfg = Debug|Any CPU
		{BFFC633D-5A33-4FD6-854D-86ED3B51D639}.Debug|Any CPU.Build.0 = Debug|Any CPU
		{BFFC633D-5A33-4FD6-854D-86ED3B51D639}.Release|Any CPU.ActiveCfg = Release|Any CPU
		{BFFC633D-5A33-4FD6-854D-86ED3B51D639}.Release|Any CPU.Build.0 = Release|Any CPU
	EndGlobalSection
	GlobalSection(SolutionProperties) = preSolution
		HideSolutionNode = FALSE
	EndGlobalSection
	GlobalSection(ExtensibilityGlobals) = postSolution
		SolutionGuid = {09E91E54-2132-44C0-A783-BEDCE57C4E45}
	EndGlobalSection
EndGlobal
